// !$*UTF8*$!
{
	archiveVersion = 1;
	classes = {
	};
	objectVersion = 50;
	objects = {

/* Begin PBXBuildFile section */
		3ED67701241D45A900541488 /* AppDelegate.swift in Sources */ = {isa = PBXBuildFile; fileRef = 3ED67700241D45A900541488 /* AppDelegate.swift */; };
		3ED67703241D45A900541488 /* SceneDelegate.swift in Sources */ = {isa = PBXBuildFile; fileRef = 3ED67702241D45A900541488 /* SceneDelegate.swift */; };
		3ED67705241D45A900541488 /* ViewController.swift in Sources */ = {isa = PBXBuildFile; fileRef = 3ED67704241D45A900541488 /* ViewController.swift */; };
		3ED67708241D45A900541488 /* Main.storyboard in Resources */ = {isa = PBXBuildFile; fileRef = 3ED67706241D45A900541488 /* Main.storyboard */; };
		3ED6770A241D45AF00541488 /* Assets.xcassets in Resources */ = {isa = PBXBuildFile; fileRef = 3ED67709241D45AF00541488 /* Assets.xcassets */; };
		3ED6770D241D45AF00541488 /* LaunchScreen.storyboard in Resources */ = {isa = PBXBuildFile; fileRef = 3ED6770B241D45AF00541488 /* LaunchScreen.storyboard */; };
		3ED67715241D53F000541488 /* ViewControllerPassword.swift in Sources */ = {isa = PBXBuildFile; fileRef = 3ED67714241D53F000541488 /* ViewControllerPassword.swift */; };
		3ED67717241D560300541488 /* SecurityTipsViewController.swift in Sources */ = {isa = PBXBuildFile; fileRef = 3ED67716241D560300541488 /* SecurityTipsViewController.swift */; };
		3ED6771B241D571500541488 /* PasswordGenerator.swift in Sources */ = {isa = PBXBuildFile; fileRef = 3ED6771A241D571500541488 /* PasswordGenerator.swift */; };
/* End PBXBuildFile section */

/* Begin PBXFileReference section */
		3ED676FD241D45A900541488 /* gerar senha.app */ = {isa = PBXFileReference; explicitFileType = wrapper.application; includeInIndex = 0; path = "gerar senha.app"; sourceTree = BUILT_PRODUCTS_DIR; };
		3ED67700241D45A900541488 /* AppDelegate.swift */ = {isa = PBXFileReference; lastKnownFileType = sourcecode.swift; path = AppDelegate.swift; sourceTree = "<group>"; };
		3ED67702241D45A900541488 /* SceneDelegate.swift */ = {isa = PBXFileReference; lastKnownFileType = sourcecode.swift; path = SceneDelegate.swift; sourceTree = "<group>"; };
		3ED67704241D45A900541488 /* ViewController.swift */ = {isa = PBXFileReference; lastKnownFileType = sourcecode.swift; path = ViewController.swift; sourceTree = "<group>"; };
		3ED67707241D45A900541488 /* Base */ = {isa = PBXFileReference; lastKnownFileType = file.storyboard; name = Base; path = Base.lproj/Main.storyboard; sourceTree = "<group>"; };
		3ED67709241D45AF00541488 /* Assets.xcassets */ = {isa = PBXFileReference; lastKnownFileType = folder.assetcatalog; path = Assets.xcassets; sourceTree = "<group>"; };
		3ED6770C241D45AF00541488 /* Base */ = {isa = PBXFileReference; lastKnownFileType = file.storyboard; name = Base; path = Base.lproj/LaunchScreen.storyboard; sourceTree = "<group>"; };
		3ED6770E241D45AF00541488 /* Info.plist */ = {isa = PBXFileReference; lastKnownFileType = text.plist.xml; path = Info.plist; sourceTree = "<group>"; };
		3ED67714241D53F000541488 /* ViewControllerPassword.swift */ = {isa = PBXFileReference; lastKnownFileType = sourcecode.swift; path = ViewControllerPassword.swift; sourceTree = "<group>"; };
		3ED67716241D560300541488 /* SecurityTipsViewController.swift */ = {isa = PBXFileReference; lastKnownFileType = sourcecode.swift; path = SecurityTipsViewController.swift; sourceTree = "<group>"; };
		3ED6771A241D571500541488 /* PasswordGenerator.swift */ = {isa = PBXFileReference; lastKnownFileType = sourcecode.swift; name = PasswordGenerator.swift; path = ../PasswordGenerator.swift; sourceTree = "<group>"; };
/* End PBXFileReference section */

/* Begin PBXFrameworksBuildPhase section */
		3ED676FA241D45A900541488 /* Frameworks */ = {
			isa = PBXFrameworksBuildPhase;
			buildActionMask = 2147483647;
			files = (
			);
			runOnlyForDeploymentPostprocessing = 0;
		};
/* End PBXFrameworksBuildPhase section */

/* Begin PBXGroup section */
		3ED676F4241D45A900541488 = {
			isa = PBXGroup;
			children = (
				3ED676FF241D45A900541488 /* gerar senha */,
				3ED676FE241D45A900541488 /* Products */,
			);
			sourceTree = "<group>";
		};
		3ED676FE241D45A900541488 /* Products */ = {
			isa = PBXGroup;
			children = (
				3ED676FD241D45A900541488 /* gerar senha.app */,
			);
			name = Products;
			sourceTree = "<group>";
		};
		3ED676FF241D45A900541488 /* gerar senha */ = {
			isa = PBXGroup;
			children = (
				3ED6771A241D571500541488 /* PasswordGenerator.swift */,
				3ED67700241D45A900541488 /* AppDelegate.swift */,
				3ED67702241D45A900541488 /* SceneDelegate.swift */,
				3ED67704241D45A900541488 /* ViewController.swift */,
				3ED67706241D45A900541488 /* Main.storyboard */,
				3ED67709241D45AF00541488 /* Assets.xcassets */,
				3ED6770B241D45AF00541488 /* LaunchScreen.storyboard */,
				3ED6770E241D45AF00541488 /* Info.plist */,
				3ED67714241D53F000541488 /* ViewControllerPassword.swift */,
				3ED67716241D560300541488 /* SecurityTipsViewController.swift */,
			);
			path = "gerar senha";
			sourceTree = "<group>";
		};
/* End PBXGroup section */

/* Begin PBXNativeTarget section */
		3ED676FC241D45A900541488 /* gerar senha */ = {
			isa = PBXNativeTarget;
			buildConfigurationList = 3ED67711241D45AF00541488 /* Build configuration list for PBXNativeTarget "gerar senha" */;
			buildPhases = (
				3ED676F9241D45A900541488 /* Sources */,
				3ED676FA241D45A900541488 /* Frameworks */,
				3ED676FB241D45A900541488 /* Resources */,
			);
			buildRules = (
			);
			dependencies = (
			);
			name = "gerar senha";
			productName = "gerar senha";
			productReference = 3ED676FD241D45A900541488 /* gerar senha.app */;
			productType = "com.apple.product-type.application";
		};
/* End PBXNativeTarget section */

/* Begin PBXProject section */
		3ED676F5241D45A900541488 /* Project object */ = {
			isa = PBXProject;
			attributes = {
				LastSwiftUpdateCheck = 1130;
				LastUpgradeCheck = 1130;
				ORGANIZATIONNAME = "Frederyk Antunnes";
				TargetAttributes = {
					3ED676FC241D45A900541488 = {
						CreatedOnToolsVersion = 11.3.1;
					};
				};
			};
			buildConfigurationList = 3ED676F8241D45A900541488 /* Build configuration list for PBXProject "gerar senha" */;
			compatibilityVersion = "Xcode 9.3";
			developmentRegion = en;
			hasScannedForEncodings = 0;
			knownRegions = (
				en,
				Base,
			);
			mainGroup = 3ED676F4241D45A900541488;
			productRefGroup = 3ED676FE241D45A900541488 /* Products */;
			projectDirPath = "";
			projectRoot = "";
			targets = (
				3ED676FC241D45A900541488 /* gerar senha */,
			);
		};
/* End PBXProject section */

/* Begin PBXResourcesBuildPhase section */
		3ED676FB241D45A900541488 /* Resources */ = {
			isa = PBXResourcesBuildPhase;
			buildActionMask = 2147483647;
			files = (
				3ED6770D241D45AF00541488 /* LaunchScreen.storyboard in Resources */,
				3ED6770A241D45AF00541488 /* Assets.xcassets in Resources */,
				3ED67708241D45A900541488 /* Main.storyboard in Resources */,
			);
			runOnlyForDeploymentPostprocessing = 0;
		};
/* End PBXResourcesBuildPhase section */

/* Begin PBXSourcesBuildPhase section */
		3ED676F9241D45A900541488 /* Sources */ = {
			isa = PBXSourcesBuildPhase;
			buildActionMask = 2147483647;
			files = (
				3ED67705241D45A900541488 /* ViewController.swift in Sources */,
				3ED67715241D53F000541488 /* ViewControllerPassword.swift in Sources */,
				3ED6771B241D571500541488 /* PasswordGenerator.swift in Sources */,
				3ED67701241D45A900541488 /* AppDelegate.swift in Sources */,
				3ED67703241D45A900541488 /* SceneDelegate.swift in Sources */,
				3ED67717241D560300541488 /* SecurityTipsViewController.swift in Sources */,
			);
			runOnlyForDeploymentPostprocessing = 0;
		};
/* End PBXSourcesBuildPhase section */

/* Begin PBXVariantGroup section */
		3ED67706241D45A900541488 /* Main.storyboard */ = {
			isa = PBXVariantGroup;
			children = (
				3ED67707241D45A900541488 /* Base */,
			);
			name = Main.storyboard;
			sourceTree = "<group>";
		};
		3ED6770B241D45AF00541488 /* LaunchScreen.storyboard */ = {
			isa = PBXVariantGroup;
			children = (
				3ED6770C241D45AF00541488 /* Base */,
			);
			name = LaunchScreen.storyboard;
			sourceTree = "<group>";
		};
/* End PBXVariantGroup section */

/* Begin XCBuildConfiguration section */
		3ED6770F241D45AF00541488 /* Debug */ = {
			isa = XCBuildConfiguration;
			buildSettings = {
				ALWAYS_SEARCH_USER_PATHS = NO;
				CLANG_ANALYZER_NONNULL = YES;
				CLANG_ANALYZER_NUMBER_OBJECT_CONVERSION = YES_AGGRESSIVE;
				CLANG_CXX_LANGUAGE_STANDARD = "gnu++14";
				CLANG_CXX_LIBRARY = "libc++";
				CLANG_ENABLE_MODULES = YES;
				CLANG_ENABLE_OBJC_ARC = YES;
				CLANG_ENABLE_OBJC_WEAK = YES;
				CLANG_WARN_BLOCK_CAPTURE_AUTORELEASING = YES;
				CLANG_WARN_BOOL_CONVERSION = YES;
				CLANG_WARN_COMMA = YES;
				CLANG_WARN_CONSTANT_CONVERSION = YES;
				CLANG_WARN_DEPRECATED_OBJC_IMPLEMENTATIONS = YES;
				CLANG_WARN_DIRECT_OBJC_ISA_USAGE = YES_ERROR;
				CLANG_WARN_DOCUMENTATION_COMMENTS = YES;
				CLANG_WARN_EMPTY_BODY = YES;
				CLANG_WARN_ENUM_CONVERSION = YES;
				CLANG_WARN_INFINITE_RECURSION = YES;
				CLANG_WARN_INT_CONVERSION = YES;
				CLANG_WARN_NON_LITERAL_NULL_CONVERSION = YES;
				CLANG_WARN_OBJC_IMPLICIT_RETAIN_SELF = YES;
				CLANG_WARN_OBJC_LITERAL_CONVERSION = YES;
				CLANG_WARN_OBJC_ROOT_CLASS = YES_ERROR;
				CLANG_WARN_RANGE_LOOP_ANALYSIS = YES;
				CLANG_WARN_STRICT_PROTOTYPES = YES;
				CLANG_WARN_SUSPICIOUS_MOVE = YES;
				CLANG_WARN_UNGUARDED_AVAILABILITY = YES_AGGRESSIVE;
				CLANG_WARN_UNREACHABLE_CODE = YES;
				CLANG_WARN__DUPLICATE_METHOD_MATCH = YES;
				COPY_PHASE_STRIP = NO;
				DEBUG_INFORMATION_FORMAT = dwarf;
				ENABLE_STRICT_OBJC_MSGSEND = YES;
				ENABLE_TESTABILITY = YES;
				GCC_C_LANGUAGE_STANDARD = gnu11;
				GCC_DYNAMIC_NO_PIC = NO;
				GCC_NO_COMMON_BLOCKS = YES;
				GCC_OPTIMIZATION_LEVEL = 0;
				GCC_PREPROCESSOR_DEFINITIONS = (
					"DEBUG=1",
					"$(inherited)",
				);
				GCC_WARN_64_TO_32_BIT_CONVERSION = YES;
				GCC_WARN_ABOUT_RETURN_TYPE = YES_ERROR;
				GCC_WARN_UNDECLARED_SELECTOR = YES;
				GCC_WARN_UNINITIALIZED_AUTOS = YES_AGGRESSIVE;
				GCC_WARN_UNUSED_FUNCTION = YES;
				GCC_WARN_UNUSED_VARIABLE = YES;
				IPHONEOS_DEPLOYMENT_TARGET = 13.2;
				MTL_ENABLE_DEBUG_INFO = INCLUDE_SOURCE;
				MTL_FAST_MATH = YES;
				ONLY_ACTIVE_ARCH = YES;
				SDKROOT = iphoneos;
				SWIFT_ACTIVE_COMPILATION_CONDITIONS = DEBUG;
				SWIFT_OPTIMIZATION_LEVEL = "-Onone";
			};
			name = Debug;
		};
		3ED67710241D45AF00541488 /* Release */ = {
			isa = XCBuildConfiguration;
			buildSettings = {
				ALWAYS_SEARCH_USER_PATHS = NO;
				CLANG_ANALYZER_NONNULL = YES;
				CLANG_ANALYZER_NUMBER_OBJECT_CONVERSION = YES_AGGRESSIVE;
				CLANG_CXX_LANGUAGE_STANDARD = "gnu++14";
				CLANG_CXX_LIBRARY = "libc++";
				CLANG_ENABLE_MODULES = YES;
				CLANG_ENABLE_OBJC_ARC = YES;
				CLANG_ENABLE_OBJC_WEAK = YES;
				CLANG_WARN_BLOCK_CAPTURE_AUTORELEASING = YES;
				CLANG_WARN_BOOL_CONVERSION = YES;
				CLANG_WARN_COMMA = YES;
				CLANG_WARN_CONSTANT_CONVERSION = YES;
				CLANG_WARN_DEPRECATED_OBJC_IMPLEMENTATIONS = YES;
				CLANG_WARN_DIRECT_OBJC_ISA_USAGE = YES_ERROR;
				CLANG_WARN_DOCUMENTATION_COMMENTS = YES;
				CLANG_WARN_EMPTY_BODY = YES;
				CLANG_WARN_ENUM_CONVERSION = YES;
				CLANG_WARN_INFINITE_RECURSION = YES;
				CLANG_WARN_INT_CONVERSION = YES;
				CLANG_WARN_NON_LITERAL_NULL_CONVERSION = YES;
				CLANG_WARN_OBJC_IMPLICIT_RETAIN_SELF = YES;
				CLANG_WARN_OBJC_LITERAL_CONVERSION = YES;
				CLANG_WARN_OBJC_ROOT_CLASS = YES_ERROR;
				CLANG_WARN_RANGE_LOOP_ANALYSIS = YES;
				CLANG_WARN_STRICT_PROTOTYPES = YES;
				CLANG_WARN_SUSPICIOUS_MOVE = YES;
				CLANG_WARN_UNGUARDED_AVAILABILITY = YES_AGGRESSIVE;
				CLANG_WARN_UNREACHABLE_CODE = YES;
				CLANG_WARN__DUPLICATE_METHOD_MATCH = YES;
				COPY_PHASE_STRIP = NO;
				DEBUG_INFORMATION_FORMAT = "dwarf-with-dsym";
				ENABLE_NS_ASSERTIONS = NO;
				ENABLE_STRICT_OBJC_MSGSEND = YES;
				GCC_C_LANGUAGE_STANDARD = gnu11;
				GCC_NO_COMMON_BLOCKS = YES;
				GCC_WARN_64_TO_32_BIT_CONVERSION = YES;
				GCC_WARN_ABOUT_RETURN_TYPE = YES_ERROR;
				GCC_WARN_UNDECLARED_SELECTOR = YES;
				GCC_WARN_UNINITIALIZED_AUTOS = YES_AGGRESSIVE;
				GCC_WARN_UNUSED_FUNCTION = YES;
				GCC_WARN_UNUSED_VARIABLE = YES;
				IPHONEOS_DEPLOYMENT_TARGET = 13.2;
				MTL_ENABLE_DEBUG_INFO = NO;
				MTL_FAST_MATH = YES;
				SDKROOT = iphoneos;
				SWIFT_COMPILATION_MODE = wholemodule;
				SWIFT_OPTIMIZATION_LEVEL = "-O";
				VALIDATE_PRODUCT = YES;
			};
			name = Release;
		};
		3ED67712241D45AF00541488 /* Debug */ = {
			isa = XCBuildConfiguration;
			buildSettings = {
				ASSETCATALOG_COMPILER_APPICON_NAME = AppIcon;
				CODE_SIGN_STYLE = Automatic;
				INFOPLIST_FILE = "gerar senha/Info.plist";
				LD_RUNPATH_SEARCH_PATHS = (
					"$(inherited)",
					"@executable_path/Frameworks",
				);
				PRODUCT_BUNDLE_IDENTIFIER = "br.com.frederykantunnes.gerar-senha";
				PRODUCT_NAME = "$(TARGET_NAME)";
				SWIFT_VERSION = 5.0;
				TARGETED_DEVICE_FAMILY = "1,2";
			};
			name = Debug;
		};
		3ED67713241D45AF00541488 /* Release */ = {
			isa = XCBuildConfiguration;
			buildSettings = {
				ASSETCATALOG_COMPILER_APPICON_NAME = AppIcon;
				CODE_SIGN_STYLE = Automatic;
				INFOPLIST_FILE = "gerar senha/Info.plist";
				LD_RUNPATH_SEARCH_PATHS = (
					"$(inherited)",
					"@executable_path/Frameworks",
				);
				PRODUCT_BUNDLE_IDENTIFIER = "br.com.frederykantunnes.gerar-senha";
				PRODUCT_NAME = "$(TARGET_NAME)";
				SWIFT_VERSION = 5.0;
				TARGETED_DEVICE_FAMILY = "1,2";
			};
			name = Release;
		};
/* End XCBuildConfiguration section */

/* Begin XCConfigurationList section */
		3ED676F8241D45A900541488 /* Build configuration list for PBXProject "gerar senha" */ = {
			isa = XCConfigurationList;
			buildConfigurations = (
				3ED6770F241D45AF00541488 /* Debug */,
				3ED67710241D45AF00541488 /* Release */,
			);
			defaultConfigurationIsVisible = 0;
			defaultConfigurationName = Release;
		};
		3ED67711241D45AF00541488 /* Build configuration list for PBXNativeTarget "gerar senha" */ = {
			isa = XCConfigurationList;
			buildConfigurations = (
				3ED67712241D45AF00541488 /* Debug */,
				3ED67713241D45AF00541488 /* Release */,
			);
			defaultConfigurationIsVisible = 0;
			defaultConfigurationName = Release;
		};
/* End XCConfigurationList section */
	};
	rootObject = 3ED676F5241D45A900541488 /* Project object */;
}
